
Microsoft Visual Studio Solution File, Format Version 12.00
# Visual Studio 15
VisualStudioVersion = 15.0.28307.572
MinimumVisualStudioVersion = 10.0.40219.1
Project("{FAE04EC0-301F-11D3-BF4B-00C04F79EFBC}") = "FernandoALifeStory.Web", "FernandoALifeStory.Web\FernandoALifeStory.Web.csproj", "{B09E3055-ED92-4414-B2E9-6C4C3451B8B2}"
EndProject
Project("{FAE04EC0-301F-11D3-BF4B-00C04F79EFBC}") = "FernandoALifeStory.Data", "FernandoALifeStory.Data\FernandoALifeStory.Data.csproj", "{15AF308A-DDC1-4281-85C0-2FEC87CCF08A}"
EndProject
Global
	GlobalSection(SolutionConfigurationPlatforms) = preSolution
		Debug|Any CPU = Debug|Any CPU
		Release|Any CPU = Release|Any CPU
	EndGlobalSection
	GlobalSection(ProjectConfigurationPlatforms) = postSolution
		{B09E3055-ED92-4414-B2E9-6C4C3451B8B2}.Debug|Any CPU.ActiveCfg = Debug|Any CPU
		{B09E3055-ED92-4414-B2E9-6C4C3451B8B2}.Debug|Any CPU.Build.0 = Debug|Any CPU
		{B09E3055-ED92-4414-B2E9-6C4C3451B8B2}.Release|Any CPU.ActiveCfg = Release|Any CPU
		{B09E3055-ED92-4414-B2E9-6C4C3451B8B2}.Release|Any CPU.Build.0 = Release|Any CPU
		{15AF308A-DDC1-4281-85C0-2FEC87CCF08A}.Debug|Any CPU.ActiveCfg = Debug|Any CPU
		{15AF308A-DDC1-4281-85C0-2FEC87CCF08A}.Debug|Any CPU.Build.0 = Debug|Any CPU
		{15AF308A-DDC1-4281-85C0-2FEC87CCF08A}.Release|Any CPU.ActiveCfg = Release|Any CPU
		{15AF308A-DDC1-4281-85C0-2FEC87CCF08A}.Release|Any CPU.Build.0 = Release|Any CPU
	EndGlobalSection
	GlobalSection(SolutionProperties) = preSolution
		HideSolutionNode = FALSE
	EndGlobalSection
	GlobalSection(ExtensibilityGlobals) = postSolution
		SolutionGuid = {EAF5D0D4-2C13-4233-B2BC-A328359187DE}
	EndGlobalSection
EndGlobal
